// !$*UTF8*$!
{
	archiveVersion = 1;
	classes = {
	};
	objectVersion = 46;
	objects = {

/* Begin PBXBuildFile section */
		280F35C01DFBAF5500DF05A4 /* WineTableVC.swift in Sources */ = {isa = PBXBuildFile; fileRef = 280F35BF1DFBAF5500DF05A4 /* WineTableVC.swift */; };
		280F35C31DFBD27E00DF05A4 /* HomeVC.swift in Sources */ = {isa = PBXBuildFile; fileRef = 280F35C21DFBD27E00DF05A4 /* HomeVC.swift */; };
		28FDBED71DF8A646007A77E4 /* Wine.swift in Sources */ = {isa = PBXBuildFile; fileRef = 28FDBED51DF8A646007A77E4 /* Wine.swift */; };
		28FDBED81DF8A646007A77E4 /* Wines.swift in Sources */ = {isa = PBXBuildFile; fileRef = 28FDBED61DF8A646007A77E4 /* Wines.swift */; };
		3F25C45F1DF77EB900A291A4 /* 53-house.png in Resources */ = {isa = PBXBuildFile; fileRef = 3F25C45E1DF77EB900A291A4 /* 53-house.png */; };
		3F25C4641DF7846600A291A4 /* profile.png in Resources */ = {isa = PBXBuildFile; fileRef = 3F25C4621DF7846600A291A4 /* profile.png */; };
		3F25C4651DF7846600A291A4 /* wine.png in Resources */ = {isa = PBXBuildFile; fileRef = 3F25C4631DF7846600A291A4 /* wine.png */; };
		3F25C4691DF78B2900A291A4 /* barrel.png in Resources */ = {isa = PBXBuildFile; fileRef = 3F25C4681DF78B2900A291A4 /* barrel.png */; };
		3F25C46D1DF79AF100A291A4 /* DataModel.swift in Sources */ = {isa = PBXBuildFile; fileRef = 3F25C46C1DF79AF100A291A4 /* DataModel.swift */; };
		3F6F70141DFC811D00368547 /* WineryMapVC.swift in Sources */ = {isa = PBXBuildFile; fileRef = 3F6F70131DFC811D00368547 /* WineryMapVC.swift */; };
		3F6F70161DFC813100368547 /* WineryTableVC.swift in Sources */ = {isa = PBXBuildFile; fileRef = 3F6F70151DFC813100368547 /* WineryTableVC.swift */; };
		3F6F70181DFC813D00368547 /* WineryDetailTableVC.swift in Sources */ = {isa = PBXBuildFile; fileRef = 3F6F70171DFC813D00368547 /* WineryDetailTableVC.swift */; };
		3F6F701A1DFC858D00368547 /* ZommingProtocol.swift in Sources */ = {isa = PBXBuildFile; fileRef = 3F6F70191DFC858D00368547 /* ZommingProtocol.swift */; };
		3F6F701C1DFC873B00368547 /* Winery.swift in Sources */ = {isa = PBXBuildFile; fileRef = 3F6F701B1DFC873B00368547 /* Winery.swift */; };
		3F6F701E1DFC874700368547 /* Wineries.swift in Sources */ = {isa = PBXBuildFile; fileRef = 3F6F701D1DFC874700368547 /* Wineries.swift */; };
		3F6F70211DFC978B00368547 /* 103-map.png in Resources */ = {isa = PBXBuildFile; fileRef = 3F6F70201DFC978B00368547 /* 103-map.png */; };
		3F6F70251DFC99FD00368547 /* 104-index-cards.png in Resources */ = {isa = PBXBuildFile; fileRef = 3F6F70241DFC99FD00368547 /* 104-index-cards.png */; };
		3F6F70271DFC9E2400368547 /* WineryHomeVC.swift in Sources */ = {isa = PBXBuildFile; fileRef = 3F6F70261DFC9E2400368547 /* WineryHomeVC.swift */; };
		3F6F702D1DFCC7E300368547 /* backArrow.png in Resources */ = {isa = PBXBuildFile; fileRef = 3F6F702C1DFCC7E300368547 /* backArrow.png */; };
		3F7CBCCA1DFB137E006360EE /* DataModelFinishedDelegate.swift in Sources */ = {isa = PBXBuildFile; fileRef = 3F7CBCC91DFB137E006360EE /* DataModelFinishedDelegate.swift */; };
		3F95DF921DF634270051B8BE /* AppDelegate.swift in Sources */ = {isa = PBXBuildFile; fileRef = 3F95DF911DF634270051B8BE /* AppDelegate.swift */; };
		3F95DF991DF634270051B8BE /* Main.storyboard in Resources */ = {isa = PBXBuildFile; fileRef = 3F95DF971DF634270051B8BE /* Main.storyboard */; };
		3F95DF9B1DF634270051B8BE /* Assets.xcassets in Resources */ = {isa = PBXBuildFile; fileRef = 3F95DF9A1DF634270051B8BE /* Assets.xcassets */; };
		3F95DF9E1DF634270051B8BE /* LaunchScreen.storyboard in Resources */ = {isa = PBXBuildFile; fileRef = 3F95DF9C1DF634270051B8BE /* LaunchScreen.storyboard */; };
		3FC5BDE41DF65674002AEFCA /* LoginVC.swift in Sources */ = {isa = PBXBuildFile; fileRef = 3FC5BDE31DF65674002AEFCA /* LoginVC.swift */; };
		E4DF711F1DF68EEB0070787B /* CreateAccountVC.swift in Sources */ = {isa = PBXBuildFile; fileRef = E4DF711E1DF68EEB0070787B /* CreateAccountVC.swift */; };
/* End PBXBuildFile section */

/* Begin PBXFileReference section */
		280F35BF1DFBAF5500DF05A4 /* WineTableVC.swift */ = {isa = PBXFileReference; fileEncoding = 4; lastKnownFileType = sourcecode.swift; path = WineTableVC.swift; sourceTree = "<group>"; };
		280F35C21DFBD27E00DF05A4 /* HomeVC.swift */ = {isa = PBXFileReference; fileEncoding = 4; lastKnownFileType = sourcecode.swift; path = HomeVC.swift; sourceTree = "<group>"; };
		28FDBED51DF8A646007A77E4 /* Wine.swift */ = {isa = PBXFileReference; fileEncoding = 4; lastKnownFileType = sourcecode.swift; path = Wine.swift; sourceTree = "<group>"; };
		28FDBED61DF8A646007A77E4 /* Wines.swift */ = {isa = PBXFileReference; fileEncoding = 4; lastKnownFileType = sourcecode.swift; path = Wines.swift; sourceTree = "<group>"; };
		3F25C45E1DF77EB900A291A4 /* 53-house.png */ = {isa = PBXFileReference; lastKnownFileType = image.png; path = "53-house.png"; sourceTree = "<group>"; };
		3F25C4621DF7846600A291A4 /* profile.png */ = {isa = PBXFileReference; lastKnownFileType = image.png; path = profile.png; sourceTree = "<group>"; };
		3F25C4631DF7846600A291A4 /* wine.png */ = {isa = PBXFileReference; lastKnownFileType = image.png; path = wine.png; sourceTree = "<group>"; };
		3F25C4681DF78B2900A291A4 /* barrel.png */ = {isa = PBXFileReference; lastKnownFileType = image.png; path = barrel.png; sourceTree = "<group>"; };
		3F25C46C1DF79AF100A291A4 /* DataModel.swift */ = {isa = PBXFileReference; fileEncoding = 4; lastKnownFileType = sourcecode.swift; path = DataModel.swift; sourceTree = "<group>"; };
		3F6F70131DFC811D00368547 /* WineryMapVC.swift */ = {isa = PBXFileReference; fileEncoding = 4; lastKnownFileType = sourcecode.swift; path = WineryMapVC.swift; sourceTree = "<group>"; };
		3F6F70151DFC813100368547 /* WineryTableVC.swift */ = {isa = PBXFileReference; fileEncoding = 4; lastKnownFileType = sourcecode.swift; path = WineryTableVC.swift; sourceTree = "<group>"; };
		3F6F70171DFC813D00368547 /* WineryDetailTableVC.swift */ = {isa = PBXFileReference; fileEncoding = 4; lastKnownFileType = sourcecode.swift; path = WineryDetailTableVC.swift; sourceTree = "<group>"; };
		3F6F70191DFC858D00368547 /* ZommingProtocol.swift */ = {isa = PBXFileReference; fileEncoding = 4; lastKnownFileType = sourcecode.swift; path = ZommingProtocol.swift; sourceTree = "<group>"; };
		3F6F701B1DFC873B00368547 /* Winery.swift */ = {isa = PBXFileReference; fileEncoding = 4; lastKnownFileType = sourcecode.swift; path = Winery.swift; sourceTree = "<group>"; };
		3F6F701D1DFC874700368547 /* Wineries.swift */ = {isa = PBXFileReference; fileEncoding = 4; lastKnownFileType = sourcecode.swift; path = Wineries.swift; sourceTree = "<group>"; };
		3F6F70201DFC978B00368547 /* 103-map.png */ = {isa = PBXFileReference; lastKnownFileType = image.png; path = "103-map.png"; sourceTree = "<group>"; };
		3F6F70241DFC99FD00368547 /* 104-index-cards.png */ = {isa = PBXFileReference; lastKnownFileType = image.png; path = "104-index-cards.png"; sourceTree = "<group>"; };
		3F6F70261DFC9E2400368547 /* WineryHomeVC.swift */ = {isa = PBXFileReference; fileEncoding = 4; lastKnownFileType = sourcecode.swift; path = WineryHomeVC.swift; sourceTree = "<group>"; };
		3F6F702C1DFCC7E300368547 /* backArrow.png */ = {isa = PBXFileReference; lastKnownFileType = image.png; path = backArrow.png; sourceTree = "<group>"; };
		3F7CBCC91DFB137E006360EE /* DataModelFinishedDelegate.swift */ = {isa = PBXFileReference; fileEncoding = 4; lastKnownFileType = sourcecode.swift; path = DataModelFinishedDelegate.swift; sourceTree = "<group>"; };
		3F95DF8E1DF634270051B8BE /* winetour.app */ = {isa = PBXFileReference; explicitFileType = wrapper.application; includeInIndex = 0; path = winetour.app; sourceTree = BUILT_PRODUCTS_DIR; };
		3F95DF911DF634270051B8BE /* AppDelegate.swift */ = {isa = PBXFileReference; lastKnownFileType = sourcecode.swift; path = AppDelegate.swift; sourceTree = "<group>"; };
		3F95DF981DF634270051B8BE /* Base */ = {isa = PBXFileReference; lastKnownFileType = file.storyboard; name = Base; path = Base.lproj/Main.storyboard; sourceTree = "<group>"; };
		3F95DF9A1DF634270051B8BE /* Assets.xcassets */ = {isa = PBXFileReference; lastKnownFileType = folder.assetcatalog; path = Assets.xcassets; sourceTree = "<group>"; };
		3F95DF9D1DF634270051B8BE /* Base */ = {isa = PBXFileReference; lastKnownFileType = file.storyboard; name = Base; path = Base.lproj/LaunchScreen.storyboard; sourceTree = "<group>"; };
		3F95DF9F1DF634270051B8BE /* Info.plist */ = {isa = PBXFileReference; lastKnownFileType = text.plist.xml; path = Info.plist; sourceTree = "<group>"; };
		3FC5BDE31DF65674002AEFCA /* LoginVC.swift */ = {isa = PBXFileReference; fileEncoding = 4; lastKnownFileType = sourcecode.swift; path = LoginVC.swift; sourceTree = "<group>"; };
		E4DF711E1DF68EEB0070787B /* CreateAccountVC.swift */ = {isa = PBXFileReference; fileEncoding = 4; lastKnownFileType = sourcecode.swift; path = CreateAccountVC.swift; sourceTree = "<group>"; };
/* End PBXFileReference section */

/* Begin PBXFrameworksBuildPhase section */
		3F95DF8B1DF634270051B8BE /* Frameworks */ = {
			isa = PBXFrameworksBuildPhase;
			buildActionMask = 2147483647;
			files = (
			);
			runOnlyForDeploymentPostprocessing = 0;
		};
/* End PBXFrameworksBuildPhase section */

/* Begin PBXGroup section */
		280F35C11DFBAF5E00DF05A4 /* Wine */ = {
			isa = PBXGroup;
			children = (
				280F35BF1DFBAF5500DF05A4 /* WineTableVC.swift */,
			);
			name = Wine;
			sourceTree = "<group>";
		};
		3F25C45C1DF77DF600A291A4 /* Media */ = {
			isa = PBXGroup;
			children = (
				3F6F701F1DFC973F00368547 /* Winery Icons */,
				3F25C45D1DF77DFE00A291A4 /* TabBar Icons */,
			);
			name = Media;
			sourceTree = "<group>";
		};
		3F25C45D1DF77DFE00A291A4 /* TabBar Icons */ = {
			isa = PBXGroup;
			children = (
				3F25C4681DF78B2900A291A4 /* barrel.png */,
				3F25C4621DF7846600A291A4 /* profile.png */,
				3F25C4631DF7846600A291A4 /* wine.png */,
				3F25C45E1DF77EB900A291A4 /* 53-house.png */,
			);
			name = "TabBar Icons";
			sourceTree = "<group>";
		};
		3F6F70121DFC80FA00368547 /* Winery */ = {
			isa = PBXGroup;
			children = (
				3F6F70131DFC811D00368547 /* WineryMapVC.swift */,
				3F6F70151DFC813100368547 /* WineryTableVC.swift */,
				3F6F70171DFC813D00368547 /* WineryDetailTableVC.swift */,
				3F6F70261DFC9E2400368547 /* WineryHomeVC.swift */,
			);
			name = Winery;
			sourceTree = "<group>";
		};
		3F6F701F1DFC973F00368547 /* Winery Icons */ = {
			isa = PBXGroup;
			children = (
				3F6F702C1DFCC7E300368547 /* backArrow.png */,
				3F6F70241DFC99FD00368547 /* 104-index-cards.png */,
				3F6F70201DFC978B00368547 /* 103-map.png */,
			);
			name = "Winery Icons";
			sourceTree = "<group>";
		};
		3F7CBCC81DFB135F006360EE /* Protocols */ = {
			isa = PBXGroup;
			children = (
				3F6F70191DFC858D00368547 /* ZommingProtocol.swift */,
				3F7CBCC91DFB137E006360EE /* DataModelFinishedDelegate.swift */,
			);
			name = Protocols;
			sourceTree = "<group>";
		};
		3F95DF851DF634270051B8BE = {
			isa = PBXGroup;
			children = (
				3F95DF901DF634270051B8BE /* winetour */,
				3F95DF8F1DF634270051B8BE /* Products */,
			);
			sourceTree = "<group>";
		};
		3F95DF8F1DF634270051B8BE /* Products */ = {
			isa = PBXGroup;
			children = (
				3F95DF8E1DF634270051B8BE /* winetour.app */,
			);
			name = Products;
			sourceTree = "<group>";
		};
		3F95DF901DF634270051B8BE /* winetour */ = {
			isa = PBXGroup;
			children = (
				3F7CBCC81DFB135F006360EE /* Protocols */,
				3F25C45C1DF77DF600A291A4 /* Media */,
				3FC5BDE01DF647B4002AEFCA /* Models */,
				3FC5BDDF1DF647A6002AEFCA /* View Controllers */,
				3F95DF911DF634270051B8BE /* AppDelegate.swift */,
				3F95DF971DF634270051B8BE /* Main.storyboard */,
				3F95DF9A1DF634270051B8BE /* Assets.xcassets */,
				3F95DF9C1DF634270051B8BE /* LaunchScreen.storyboard */,
				3F95DF9F1DF634270051B8BE /* Info.plist */,
			);
			path = winetour;
			sourceTree = "<group>";
		};
		3FC5BDDF1DF647A6002AEFCA /* View Controllers */ = {
			isa = PBXGroup;
			children = (
				3F6F70121DFC80FA00368547 /* Winery */,
				280F35C11DFBAF5E00DF05A4 /* Wine */,
				3FC5BDE31DF65674002AEFCA /* LoginVC.swift */,
				E4DF711E1DF68EEB0070787B /* CreateAccountVC.swift */,
				280F35C21DFBD27E00DF05A4 /* HomeVC.swift */,
			);
			name = "View Controllers";
			sourceTree = "<group>";
		};
		3FC5BDE01DF647B4002AEFCA /* Models */ = {
			isa = PBXGroup;
			children = (
				28FDBED51DF8A646007A77E4 /* Wine.swift */,
				28FDBED61DF8A646007A77E4 /* Wines.swift */,
				3F25C46C1DF79AF100A291A4 /* DataModel.swift */,
				3F6F701B1DFC873B00368547 /* Winery.swift */,
				3F6F701D1DFC874700368547 /* Wineries.swift */,
			);
			name = Models;
			sourceTree = "<group>";
		};
/* End PBXGroup section */

/* Begin PBXNativeTarget section */
		3F95DF8D1DF634270051B8BE /* winetour */ = {
			isa = PBXNativeTarget;
			buildConfigurationList = 3F95DFA21DF634270051B8BE /* Build configuration list for PBXNativeTarget "winetour" */;
			buildPhases = (
				3F95DF8A1DF634270051B8BE /* Sources */,
				3F95DF8B1DF634270051B8BE /* Frameworks */,
				3F95DF8C1DF634270051B8BE /* Resources */,
			);
			buildRules = (
			);
			dependencies = (
			);
			name = winetour;
			productName = winetour;
			productReference = 3F95DF8E1DF634270051B8BE /* winetour.app */;
			productType = "com.apple.product-type.application";
		};
/* End PBXNativeTarget section */

/* Begin PBXProject section */
		3F95DF861DF634270051B8BE /* Project object */ = {
			isa = PBXProject;
			attributes = {
				LastSwiftUpdateCheck = 0800;
				LastUpgradeCheck = 0810;
				ORGANIZATIONNAME = Student;
				TargetAttributes = {
					3F95DF8D1DF634270051B8BE = {
						CreatedOnToolsVersion = 8.0;
						ProvisioningStyle = Automatic;
					};
				};
			};
			buildConfigurationList = 3F95DF891DF634270051B8BE /* Build configuration list for PBXProject "winetour" */;
			compatibilityVersion = "Xcode 3.2";
			developmentRegion = English;
			hasScannedForEncodings = 0;
			knownRegions = (
				en,
				Base,
			);
			mainGroup = 3F95DF851DF634270051B8BE;
			productRefGroup = 3F95DF8F1DF634270051B8BE /* Products */;
			projectDirPath = "";
			projectRoot = "";
			targets = (
				3F95DF8D1DF634270051B8BE /* winetour */,
			);
		};
/* End PBXProject section */

/* Begin PBXResourcesBuildPhase section */
		3F95DF8C1DF634270051B8BE /* Resources */ = {
			isa = PBXResourcesBuildPhase;
			buildActionMask = 2147483647;
			files = (
				3F6F702D1DFCC7E300368547 /* backArrow.png in Resources */,
				3F25C45F1DF77EB900A291A4 /* 53-house.png in Resources */,
				3F25C4641DF7846600A291A4 /* profile.png in Resources */,
				3F25C4691DF78B2900A291A4 /* barrel.png in Resources */,
				3F95DF9E1DF634270051B8BE /* LaunchScreen.storyboard in Resources */,
				3F95DF9B1DF634270051B8BE /* Assets.xcassets in Resources */,
				3F6F70251DFC99FD00368547 /* 104-index-cards.png in Resources */,
				3F6F70211DFC978B00368547 /* 103-map.png in Resources */,
				3F95DF991DF634270051B8BE /* Main.storyboard in Resources */,
				3F25C4651DF7846600A291A4 /* wine.png in Resources */,
			);
			runOnlyForDeploymentPostprocessing = 0;
		};
/* End PBXResourcesBuildPhase section */

/* Begin PBXSourcesBuildPhase section */
		3F95DF8A1DF634270051B8BE /* Sources */ = {
			isa = PBXSourcesBuildPhase;
			buildActionMask = 2147483647;
			files = (
				3F6F701A1DFC858D00368547 /* ZommingProtocol.swift in Sources */,
				280F35C01DFBAF5500DF05A4 /* WineTableVC.swift in Sources */,
				3F6F70271DFC9E2400368547 /* WineryHomeVC.swift in Sources */,
				3FC5BDE41DF65674002AEFCA /* LoginVC.swift in Sources */,
				3F6F70181DFC813D00368547 /* WineryDetailTableVC.swift in Sources */,
				28FDBED71DF8A646007A77E4 /* Wine.swift in Sources */,
				280F35C31DFBD27E00DF05A4 /* HomeVC.swift in Sources */,
				3F95DF921DF634270051B8BE /* AppDelegate.swift in Sources */,
				E4DF711F1DF68EEB0070787B /* CreateAccountVC.swift in Sources */,
				3F7CBCCA1DFB137E006360EE /* DataModelFinishedDelegate.swift in Sources */,
				3F6F701C1DFC873B00368547 /* Winery.swift in Sources */,
				3F6F70141DFC811D00368547 /* WineryMapVC.swift in Sources */,
				28FDBED81DF8A646007A77E4 /* Wines.swift in Sources */,
				3F25C46D1DF79AF100A291A4 /* DataModel.swift in Sources */,
				3F6F701E1DFC874700368547 /* Wineries.swift in Sources */,
				3F6F70161DFC813100368547 /* WineryTableVC.swift in Sources */,
			);
			runOnlyForDeploymentPostprocessing = 0;
		};
/* End PBXSourcesBuildPhase section */

/* Begin PBXVariantGroup section */
		3F95DF971DF634270051B8BE /* Main.storyboard */ = {
			isa = PBXVariantGroup;
			children = (
				3F95DF981DF634270051B8BE /* Base */,
			);
			name = Main.storyboard;
			sourceTree = "<group>";
		};
		3F95DF9C1DF634270051B8BE /* LaunchScreen.storyboard */ = {
			isa = PBXVariantGroup;
			children = (
				3F95DF9D1DF634270051B8BE /* Base */,
			);
			name = LaunchScreen.storyboard;
			sourceTree = "<group>";
		};
/* End PBXVariantGroup section */

/* Begin XCBuildConfiguration section */
		3F95DFA01DF634270051B8BE /* Debug */ = {
			isa = XCBuildConfiguration;
			buildSettings = {
				ALWAYS_SEARCH_USER_PATHS = NO;
				CLANG_ANALYZER_NONNULL = YES;
				CLANG_CXX_LANGUAGE_STANDARD = "gnu++0x";
				CLANG_CXX_LIBRARY = "libc++";
				CLANG_ENABLE_MODULES = YES;
				CLANG_ENABLE_OBJC_ARC = YES;
				CLANG_WARN_BOOL_CONVERSION = YES;
				CLANG_WARN_CONSTANT_CONVERSION = YES;
				CLANG_WARN_DIRECT_OBJC_ISA_USAGE = YES_ERROR;
				CLANG_WARN_DOCUMENTATION_COMMENTS = YES;
				CLANG_WARN_EMPTY_BODY = YES;
				CLANG_WARN_ENUM_CONVERSION = YES;
				CLANG_WARN_INFINITE_RECURSION = YES;
				CLANG_WARN_INT_CONVERSION = YES;
				CLANG_WARN_OBJC_ROOT_CLASS = YES_ERROR;
				CLANG_WARN_SUSPICIOUS_MOVE = YES;
				CLANG_WARN_SUSPICIOUS_MOVES = YES;
				CLANG_WARN_UNREACHABLE_CODE = YES;
				CLANG_WARN__DUPLICATE_METHOD_MATCH = YES;
				"CODE_SIGN_IDENTITY[sdk=iphoneos*]" = "iPhone Developer";
				COPY_PHASE_STRIP = NO;
				DEBUG_INFORMATION_FORMAT = dwarf;
				ENABLE_STRICT_OBJC_MSGSEND = YES;
				ENABLE_TESTABILITY = YES;
				GCC_C_LANGUAGE_STANDARD = gnu99;
				GCC_DYNAMIC_NO_PIC = NO;
				GCC_NO_COMMON_BLOCKS = YES;
				GCC_OPTIMIZATION_LEVEL = 0;
				GCC_PREPROCESSOR_DEFINITIONS = (
					"DEBUG=1",
					"$(inherited)",
				);
				GCC_WARN_64_TO_32_BIT_CONVERSION = YES;
				GCC_WARN_ABOUT_RETURN_TYPE = YES_ERROR;
				GCC_WARN_UNDECLARED_SELECTOR = YES;
				GCC_WARN_UNINITIALIZED_AUTOS = YES_AGGRESSIVE;
				GCC_WARN_UNUSED_FUNCTION = YES;
				GCC_WARN_UNUSED_VARIABLE = YES;
				IPHONEOS_DEPLOYMENT_TARGET = 10.0;
				MTL_ENABLE_DEBUG_INFO = YES;
				ONLY_ACTIVE_ARCH = YES;
				SDKROOT = iphoneos;
				SWIFT_ACTIVE_COMPILATION_CONDITIONS = DEBUG;
				SWIFT_OPTIMIZATION_LEVEL = "-Onone";
			};
			name = Debug;
		};
		3F95DFA11DF634270051B8BE /* Release */ = {
			isa = XCBuildConfiguration;
			buildSettings = {
				ALWAYS_SEARCH_USER_PATHS = NO;
				CLANG_ANALYZER_NONNULL = YES;
				CLANG_CXX_LANGUAGE_STANDARD = "gnu++0x";
				CLANG_CXX_LIBRARY = "libc++";
				CLANG_ENABLE_MODULES = YES;
				CLANG_ENABLE_OBJC_ARC = YES;
				CLANG_WARN_BOOL_CONVERSION = YES;
				CLANG_WARN_CONSTANT_CONVERSION = YES;
				CLANG_WARN_DIRECT_OBJC_ISA_USAGE = YES_ERROR;
				CLANG_WARN_DOCUMENTATION_COMMENTS = YES;
				CLANG_WARN_EMPTY_BODY = YES;
				CLANG_WARN_ENUM_CONVERSION = YES;
				CLANG_WARN_INFINITE_RECURSION = YES;
				CLANG_WARN_INT_CONVERSION = YES;
				CLANG_WARN_OBJC_ROOT_CLASS = YES_ERROR;
				CLANG_WARN_SUSPICIOUS_MOVE = YES;
				CLANG_WARN_SUSPICIOUS_MOVES = YES;
				CLANG_WARN_UNREACHABLE_CODE = YES;
				CLANG_WARN__DUPLICATE_METHOD_MATCH = YES;
				"CODE_SIGN_IDENTITY[sdk=iphoneos*]" = "iPhone Developer";
				COPY_PHASE_STRIP = NO;
				DEBUG_INFORMATION_FORMAT = "dwarf-with-dsym";
				ENABLE_NS_ASSERTIONS = NO;
				ENABLE_STRICT_OBJC_MSGSEND = YES;
				GCC_C_LANGUAGE_STANDARD = gnu99;
				GCC_NO_COMMON_BLOCKS = YES;
				GCC_WARN_64_TO_32_BIT_CONVERSION = YES;
				GCC_WARN_ABOUT_RETURN_TYPE = YES_ERROR;
				GCC_WARN_UNDECLARED_SELECTOR = YES;
				GCC_WARN_UNINITIALIZED_AUTOS = YES_AGGRESSIVE;
				GCC_WARN_UNUSED_FUNCTION = YES;
				GCC_WARN_UNUSED_VARIABLE = YES;
				IPHONEOS_DEPLOYMENT_TARGET = 10.0;
				MTL_ENABLE_DEBUG_INFO = NO;
				SDKROOT = iphoneos;
				SWIFT_OPTIMIZATION_LEVEL = "-Owholemodule";
				VALIDATE_PRODUCT = YES;
			};
			name = Release;
		};
		3F95DFA31DF634270051B8BE /* Debug */ = {
			isa = XCBuildConfiguration;
			buildSettings = {
				ASSETCATALOG_COMPILER_APPICON_NAME = AppIcon;
				INFOPLIST_FILE = winetour/Info.plist;
				LD_RUNPATH_SEARCH_PATHS = "$(inherited) @executable_path/Frameworks";
				PRODUCT_BUNDLE_IDENTIFIER = com.ISTE422Final.winetour;
				PRODUCT_NAME = "$(TARGET_NAME)";
				SWIFT_VERSION = 3.0;
				TARGETED_DEVICE_FAMILY = 1;
			};
			name = Debug;
		};
		3F95DFA41DF634270051B8BE /* Release */ = {
			isa = XCBuildConfiguration;
			buildSettings = {
				ASSETCATALOG_COMPILER_APPICON_NAME = AppIcon;
				INFOPLIST_FILE = winetour/Info.plist;
				LD_RUNPATH_SEARCH_PATHS = "$(inherited) @executable_path/Frameworks";
				PRODUCT_BUNDLE_IDENTIFIER = com.ISTE422Final.winetour;
				PRODUCT_NAME = "$(TARGET_NAME)";
				SWIFT_VERSION = 3.0;
				TARGETED_DEVICE_FAMILY = 1;
			};
			name = Release;
		};
/* End XCBuildConfiguration section */

/* Begin XCConfigurationList section */
		3F95DF891DF634270051B8BE /* Build configuration list for PBXProject "winetour" */ = {
			isa = XCConfigurationList;
			buildConfigurations = (
				3F95DFA01DF634270051B8BE /* Debug */,
				3F95DFA11DF634270051B8BE /* Release */,
			);
			defaultConfigurationIsVisible = 0;
			defaultConfigurationName = Release;
		};
		3F95DFA21DF634270051B8BE /* Build configuration list for PBXNativeTarget "winetour" */ = {
			isa = XCConfigurationList;
			buildConfigurations = (
				3F95DFA31DF634270051B8BE /* Debug */,
				3F95DFA41DF634270051B8BE /* Release */,
			);
			defaultConfigurationIsVisible = 0;
			defaultConfigurationName = Release;
		};
/* End XCConfigurationList section */
	};
	rootObject = 3F95DF861DF634270051B8BE /* Project object */;
}
